
Microsoft Visual Studio Solution File, Format Version 12.00
# Visual Studio Version 17
VisualStudioVersion = 17.5.002.0
MinimumVisualStudioVersion = 10.0.40219.1
Project("{9A19103F-16F7-4668-BE54-9A1E7A4F7556}") = "clase10-pe-JosueMoraga", "clase10-pe-JosueMoraga.csproj", "{4EAE760B-A305-47F5-BA08-8E3EF4834DC2}"
EndProject
Global
	GlobalSection(SolutionConfigurationPlatforms) = preSolution
		Debug|Any CPU = Debug|Any CPU
		Release|Any CPU = Release|Any CPU
	EndGlobalSection
	GlobalSection(ProjectConfigurationPlatforms) = postSolution
		{4EAE760B-A305-47F5-BA08-8E3EF4834DC2}.Debug|Any CPU.ActiveCfg = Debug|Any CPU
		{4EAE760B-A305-47F5-BA08-8E3EF4834DC2}.Debug|Any CPU.Build.0 = Debug|Any CPU
		{4EAE760B-A305-47F5-BA08-8E3EF4834DC2}.Release|Any CPU.ActiveCfg = Release|Any CPU
		{4EAE760B-A305-47F5-BA08-8E3EF4834DC2}.Release|Any CPU.Build.0 = Release|Any CPU
	EndGlobalSection
	GlobalSection(SolutionProperties) = preSolution
		HideSolutionNode = FALSE
	EndGlobalSection
	GlobalSection(ExtensibilityGlobals) = postSolution
		SolutionGuid = {8E956057-1F3E-4B74-B8A6-F5AF8D25EADC}
	EndGlobalSection
EndGlobal
